
Microsoft Visual Studio Solution File, Format Version 12.00
# Visual Studio 15
VisualStudioVersion = 15.0.28307.271
MinimumVisualStudioVersion = 10.0.40219.1
Project("{2150E333-8FDC-42A3-9474-1A3956D46DE8}") = "InfoFacility", "InfoFacility", "{C84F4786-BC18-401A-81F0-2FF620AE83EA}"
EndProject
Project("{FAE04EC0-301F-11D3-BF4B-00C04F79EFBC}") = "GTI.WFMS.Main", "GTI.WFMS.Main\GTI.WFMS.Main.csproj", "{54A57EE1-7CA2-4932-8E21-DF45359D42A1}"
EndProject
Project("{FAE04EC0-301F-11D3-BF4B-00C04F79EFBC}") = "GTI.WFMS.Models", "GTI.WFMS.Models\GTI.WFMS.Models.csproj", "{F098CEDB-9897-4AD2-8323-2405EF88E192}"
EndProject
Project("{FAE04EC0-301F-11D3-BF4B-00C04F79EFBC}") = "GTI.WFMS.Modules", "GTI.WFMS.Modules\GTI.WFMS.Modules.csproj", "{894A5389-85E8-45EC-9A1C-BA546F657677}"
EndProject
Project("{FAE04EC0-301F-11D3-BF4B-00C04F79EFBC}") = "GTIFramework", "GTIFramework\GTIFramework.csproj", "{A4514546-40CD-4B24-9835-91D18DD9469A}"
EndProject
Global
	GlobalSection(SolutionConfigurationPlatforms) = preSolution
		Debug|Any CPU = Debug|Any CPU
		Debug|x64 = Debug|x64
		Debug|x86 = Debug|x86
		Release|Any CPU = Release|Any CPU
		Release|x64 = Release|x64
		Release|x86 = Release|x86
	EndGlobalSection
	GlobalSection(ProjectConfigurationPlatforms) = postSolution
		{54A57EE1-7CA2-4932-8E21-DF45359D42A1}.Debug|Any CPU.ActiveCfg = Debug|Any CPU
		{54A57EE1-7CA2-4932-8E21-DF45359D42A1}.Debug|Any CPU.Build.0 = Debug|Any CPU
		{54A57EE1-7CA2-4932-8E21-DF45359D42A1}.Debug|x64.ActiveCfg = Debug|Any CPU
		{54A57EE1-7CA2-4932-8E21-DF45359D42A1}.Debug|x64.Build.0 = Debug|Any CPU
		{54A57EE1-7CA2-4932-8E21-DF45359D42A1}.Debug|x86.ActiveCfg = Debug|Any CPU
		{54A57EE1-7CA2-4932-8E21-DF45359D42A1}.Debug|x86.Build.0 = Debug|Any CPU
		{54A57EE1-7CA2-4932-8E21-DF45359D42A1}.Release|Any CPU.ActiveCfg = Release|Any CPU
		{54A57EE1-7CA2-4932-8E21-DF45359D42A1}.Release|Any CPU.Build.0 = Release|Any CPU
		{54A57EE1-7CA2-4932-8E21-DF45359D42A1}.Release|x64.ActiveCfg = Release|Any CPU
		{54A57EE1-7CA2-4932-8E21-DF45359D42A1}.Release|x64.Build.0 = Release|Any CPU
		{54A57EE1-7CA2-4932-8E21-DF45359D42A1}.Release|x86.ActiveCfg = Release|Any CPU
		{54A57EE1-7CA2-4932-8E21-DF45359D42A1}.Release|x86.Build.0 = Release|Any CPU
		{F098CEDB-9897-4AD2-8323-2405EF88E192}.Debug|Any CPU.ActiveCfg = Debug|Any CPU
		{F098CEDB-9897-4AD2-8323-2405EF88E192}.Debug|Any CPU.Build.0 = Debug|Any CPU
		{F098CEDB-9897-4AD2-8323-2405EF88E192}.Debug|x64.ActiveCfg = Debug|Any CPU
		{F098CEDB-9897-4AD2-8323-2405EF88E192}.Debug|x64.Build.0 = Debug|Any CPU
		{F098CEDB-9897-4AD2-8323-2405EF88E192}.Debug|x86.ActiveCfg = Debug|Any CPU
		{F098CEDB-9897-4AD2-8323-2405EF88E192}.Debug|x86.Build.0 = Debug|Any CPU
		{F098CEDB-9897-4AD2-8323-2405EF88E192}.Release|Any CPU.ActiveCfg = Release|Any CPU
		{F098CEDB-9897-4AD2-8323-2405EF88E192}.Release|Any CPU.Build.0 = Release|Any CPU
		{F098CEDB-9897-4AD2-8323-2405EF88E192}.Release|x64.ActiveCfg = Release|Any CPU
		{F098CEDB-9897-4AD2-8323-2405EF88E192}.Release|x64.Build.0 = Release|Any CPU
		{F098CEDB-9897-4AD2-8323-2405EF88E192}.Release|x86.ActiveCfg = Release|Any CPU
		{F098CEDB-9897-4AD2-8323-2405EF88E192}.Release|x86.Build.0 = Release|Any CPU
		{894A5389-85E8-45EC-9A1C-BA546F657677}.Debug|Any CPU.ActiveCfg = Debug|Any CPU
		{894A5389-85E8-45EC-9A1C-BA546F657677}.Debug|Any CPU.Build.0 = Debug|Any CPU
		{894A5389-85E8-45EC-9A1C-BA546F657677}.Debug|x64.ActiveCfg = Debug|Any CPU
		{894A5389-85E8-45EC-9A1C-BA546F657677}.Debug|x64.Build.0 = Debug|Any CPU
		{894A5389-85E8-45EC-9A1C-BA546F657677}.Debug|x86.ActiveCfg = Debug|Any CPU
		{894A5389-85E8-45EC-9A1C-BA546F657677}.Debug|x86.Build.0 = Debug|Any CPU
		{894A5389-85E8-45EC-9A1C-BA546F657677}.Release|Any CPU.ActiveCfg = Release|Any CPU
		{894A5389-85E8-45EC-9A1C-BA546F657677}.Release|Any CPU.Build.0 = Release|Any CPU
		{894A5389-85E8-45EC-9A1C-BA546F657677}.Release|x64.ActiveCfg = Release|Any CPU
		{894A5389-85E8-45EC-9A1C-BA546F657677}.Release|x64.Build.0 = Release|Any CPU
		{894A5389-85E8-45EC-9A1C-BA546F657677}.Release|x86.ActiveCfg = Release|Any CPU
		{894A5389-85E8-45EC-9A1C-BA546F657677}.Release|x86.Build.0 = Release|Any CPU
		{A4514546-40CD-4B24-9835-91D18DD9469A}.Debug|Any CPU.ActiveCfg = Debug|Any CPU
		{A4514546-40CD-4B24-9835-91D18DD9469A}.Debug|Any CPU.Build.0 = Debug|Any CPU
		{A4514546-40CD-4B24-9835-91D18DD9469A}.Debug|x64.ActiveCfg = Debug|x64
		{A4514546-40CD-4B24-9835-91D18DD9469A}.Debug|x64.Build.0 = Debug|x64
		{A4514546-40CD-4B24-9835-91D18DD9469A}.Debug|x86.ActiveCfg = Debug|x86
		{A4514546-40CD-4B24-9835-91D18DD9469A}.Debug|x86.Build.0 = Debug|x86
		{A4514546-40CD-4B24-9835-91D18DD9469A}.Release|Any CPU.ActiveCfg = Release|Any CPU
		{A4514546-40CD-4B24-9835-91D18DD9469A}.Release|Any CPU.Build.0 = Release|Any CPU
		{A4514546-40CD-4B24-9835-91D18DD9469A}.Release|x64.ActiveCfg = Release|x64
		{A4514546-40CD-4B24-9835-91D18DD9469A}.Release|x64.Build.0 = Release|x64
		{A4514546-40CD-4B24-9835-91D18DD9469A}.Release|x86.ActiveCfg = Release|x86
		{A4514546-40CD-4B24-9835-91D18DD9469A}.Release|x86.Build.0 = Release|x86
	EndGlobalSection
	GlobalSection(SolutionProperties) = preSolution
		HideSolutionNode = FALSE
	EndGlobalSection
	GlobalSection(NestedProjects) = preSolution
		{54A57EE1-7CA2-4932-8E21-DF45359D42A1} = {C84F4786-BC18-401A-81F0-2FF620AE83EA}
		{F098CEDB-9897-4AD2-8323-2405EF88E192} = {C84F4786-BC18-401A-81F0-2FF620AE83EA}
		{894A5389-85E8-45EC-9A1C-BA546F657677} = {C84F4786-BC18-401A-81F0-2FF620AE83EA}
	EndGlobalSection
	GlobalSection(ExtensibilityGlobals) = postSolution
		SolutionGuid = {498B58A6-86F0-4531-9CC8-3B5F3D7D7230}
	EndGlobalSection
EndGlobal
